
Microsoft Visual Studio Solution File, Format Version 12.00
# Visual Studio Version 16
VisualStudioVersion = 16.0.29306.81
MinimumVisualStudioVersion = 10.0.40219.1
Project("{8BC9CEB8-8B4A-11D0-8D11-00A0C91BC942}") = "TPJeuDeRole", "TPJeuDeRole\TPJeuDeRole.vcxproj", "{38B1A4A7-1098-424B-A21E-F4EBDD8D61CB}"
EndProject
Global
	GlobalSection(SolutionConfigurationPlatforms) = preSolution
		Debug|x64 = Debug|x64
		Debug|x86 = Debug|x86
		Release|x64 = Release|x64
		Release|x86 = Release|x86
	EndGlobalSection
	GlobalSection(ProjectConfigurationPlatforms) = postSolution
		{38B1A4A7-1098-424B-A21E-F4EBDD8D61CB}.Debug|x64.ActiveCfg = Debug|x64
		{38B1A4A7-1098-424B-A21E-F4EBDD8D61CB}.Debug|x64.Build.0 = Debug|x64
		{38B1A4A7-1098-424B-A21E-F4EBDD8D61CB}.Debug|x86.ActiveCfg = Debug|Win32
		{38B1A4A7-1098-424B-A21E-F4EBDD8D61CB}.Debug|x86.Build.0 = Debug|Win32
		{38B1A4A7-1098-424B-A21E-F4EBDD8D61CB}.Release|x64.ActiveCfg = Release|x64
		{38B1A4A7-1098-424B-A21E-F4EBDD8D61CB}.Release|x64.Build.0 = Release|x64
		{38B1A4A7-1098-424B-A21E-F4EBDD8D61CB}.Release|x86.ActiveCfg = Release|Win32
		{38B1A4A7-1098-424B-A21E-F4EBDD8D61CB}.Release|x86.Build.0 = Release|Win32
	EndGlobalSection
	GlobalSection(SolutionProperties) = preSolution
		HideSolutionNode = FALSE
	EndGlobalSection
	GlobalSection(ExtensibilityGlobals) = postSolution
		SolutionGuid = {20DE6196-4FFE-41FD-8DC5-FB36DE64B6C7}
	EndGlobalSection
EndGlobal
